
Microsoft Visual Studio Solution File, Format Version 12.00
# Visual Studio Version 16
VisualStudioVersion = 16.0.31424.327
MinimumVisualStudioVersion = 10.0.40219.1
Project("{FAE04EC0-301F-11D3-BF4B-00C04F79EFBC}") = "Payments.Charges.API", "Payments.Charges.API\Payments.Charges.API.csproj", "{98476597-6BF5-4586-A903-78AC9FC8EF0A}"
EndProject
Project("{FAE04EC0-301F-11D3-BF4B-00C04F79EFBC}") = "Payments.Clients.API", "Payments.Clients.API\Payments.Clients.API.csproj", "{75D1E625-E1E9-4BB9-9529-840729F252FB}"
EndProject
Project("{E53339B2-1760-4266-BCC7-CA923CBCF16C}") = "docker-compose", "docker-compose.dcproj", "{F52D2112-6067-4466-8FEF-49BB187FB1E3}"
EndProject
Project("{2150E333-8FDC-42A3-9474-1A3956D46DE8}") = "Services", "Services", "{FD5E65D7-E0F0-442E-B87B-1A3BDA54D090}"
EndProject
Project("{FAE04EC0-301F-11D3-BF4B-00C04F79EFBC}") = "Payments.Clients.Application", "Payments.Application\Payments.Clients.Application.csproj", "{5E48916E-6BAB-4494-984E-DF36F9EC7BF0}"
EndProject
Project("{FAE04EC0-301F-11D3-BF4B-00C04F79EFBC}") = "Payments.Clients.Domain", "Payments.Domain\Payments.Clients.Domain.csproj", "{F47A38F1-9960-4429-9FE6-CA6A54C5B489}"
EndProject
Project("{FAE04EC0-301F-11D3-BF4B-00C04F79EFBC}") = "Payments.Clients.Infrastructure", "Payments.Infra\Payments.Clients.Infrastructure.csproj", "{8AD53512-63EC-459C-AA15-15EF5DF11C55}"
EndProject
Project("{2150E333-8FDC-42A3-9474-1A3956D46DE8}") = "Core", "Core", "{2E28F380-A7ED-4A77-AF77-6937F80672BA}"
EndProject
Project("{FAE04EC0-301F-11D3-BF4B-00C04F79EFBC}") = "Payments.Shared.Core", "Payments.Shared.Core\Payments.Shared.Core.csproj", "{92A0E7F7-364D-47B1-BBDB-7EA962DDD293}"
EndProject
Project("{2150E333-8FDC-42A3-9474-1A3956D46DE8}") = "Events", "Events", "{99342A31-D0BC-45FA-B7A1-236E62F430DE}"
EndProject
Project("{FAE04EC0-301F-11D3-BF4B-00C04F79EFBC}") = "Payments.Events.API", "Payments.Events.API\Payments.Events.API.csproj", "{10E90422-7583-4DBD-887D-667FFBB881B5}"
EndProject
Project("{FAE04EC0-301F-11D3-BF4B-00C04F79EFBC}") = "Payments.Events.Consumer", "Payments.Events.Consumer\Payments.Events.Consumer.csproj", "{AF27835B-EBAC-45BE-8B04-DD0C611C9FBB}"
EndProject
Project("{2150E333-8FDC-42A3-9474-1A3956D46DE8}") = "Tests", "Tests", "{8479463F-21F9-40D9-A46A-A31949B7D55D}"
EndProject
Project("{FAE04EC0-301F-11D3-BF4B-00C04F79EFBC}") = "Payments.Tests.Unit", "Payments.Tests.Unit\Payments.Tests.Unit.csproj", "{3D3776F9-155E-428E-906C-5858AE7ADC2C}"
EndProject
Project("{2150E333-8FDC-42A3-9474-1A3956D46DE8}") = "Clients", "Clients", "{E2686E96-DE85-49FF-9EF2-20033FF2007C}"
EndProject
Project("{2150E333-8FDC-42A3-9474-1A3956D46DE8}") = "Charges", "Charges", "{337A75E2-BBDE-4697-8116-38552D5C23EC}"
EndProject
Project("{FAE04EC0-301F-11D3-BF4B-00C04F79EFBC}") = "Payments.Charges.Domain", "Payment.Charges.Domain\Payments.Charges.Domain.csproj", "{9FEFBEEC-C677-4FF2-AE9A-3D9CC9B3E48A}"
EndProject
Project("{FAE04EC0-301F-11D3-BF4B-00C04F79EFBC}") = "Payments.Charges.Infrastructure", "Payments.Charges.Infrastructure\Payments.Charges.Infrastructure.csproj", "{11442C7E-A68C-48EF-9562-8E42919AFDB9}"
EndProject
Project("{FAE04EC0-301F-11D3-BF4B-00C04F79EFBC}") = "Payments.Charges.Application", "Payment.Charges.Application\Payments.Charges.Application.csproj", "{2C8AF0E1-BB16-46F7-AEC0-6C584893F8F4}"
EndProject
Project("{FAE04EC0-301F-11D3-BF4B-00C04F79EFBC}") = "Payments.Events.Infrastructure", "Payments.Events.Infrastructure\Payments.Events.Infrastructure.csproj", "{480F30F8-02F6-4410-BD88-5345A63BFE67}"
EndProject
Project("{FAE04EC0-301F-11D3-BF4B-00C04F79EFBC}") = "Payments.Tests.Integration", "Payments.Tests.Integration\Payments.Tests.Integration.csproj", "{FB0C45BE-906A-4856-99AB-EE528D043A05}"
EndProject
Project("{FAE04EC0-301F-11D3-BF4B-00C04F79EFBC}") = "Payments.Events.Consumer.API", "Payments.Events.Consumer.API\Payments.Events.Consumer.API.csproj", "{28F7DB10-C4BA-437C-92DD-9D0D2C34A432}"
EndProject
Global
	GlobalSection(SolutionConfigurationPlatforms) = preSolution
		Debug|Any CPU = Debug|Any CPU
		Release|Any CPU = Release|Any CPU
	EndGlobalSection
	GlobalSection(ProjectConfigurationPlatforms) = postSolution
		{98476597-6BF5-4586-A903-78AC9FC8EF0A}.Debug|Any CPU.ActiveCfg = Debug|Any CPU
		{98476597-6BF5-4586-A903-78AC9FC8EF0A}.Debug|Any CPU.Build.0 = Debug|Any CPU
		{98476597-6BF5-4586-A903-78AC9FC8EF0A}.Release|Any CPU.ActiveCfg = Release|Any CPU
		{98476597-6BF5-4586-A903-78AC9FC8EF0A}.Release|Any CPU.Build.0 = Release|Any CPU
		{75D1E625-E1E9-4BB9-9529-840729F252FB}.Debug|Any CPU.ActiveCfg = Debug|Any CPU
		{75D1E625-E1E9-4BB9-9529-840729F252FB}.Debug|Any CPU.Build.0 = Debug|Any CPU
		{75D1E625-E1E9-4BB9-9529-840729F252FB}.Release|Any CPU.ActiveCfg = Release|Any CPU
		{75D1E625-E1E9-4BB9-9529-840729F252FB}.Release|Any CPU.Build.0 = Release|Any CPU
		{F52D2112-6067-4466-8FEF-49BB187FB1E3}.Debug|Any CPU.ActiveCfg = Debug|Any CPU
		{F52D2112-6067-4466-8FEF-49BB187FB1E3}.Debug|Any CPU.Build.0 = Debug|Any CPU
		{F52D2112-6067-4466-8FEF-49BB187FB1E3}.Release|Any CPU.ActiveCfg = Release|Any CPU
		{F52D2112-6067-4466-8FEF-49BB187FB1E3}.Release|Any CPU.Build.0 = Release|Any CPU
		{5E48916E-6BAB-4494-984E-DF36F9EC7BF0}.Debug|Any CPU.ActiveCfg = Debug|Any CPU
		{5E48916E-6BAB-4494-984E-DF36F9EC7BF0}.Debug|Any CPU.Build.0 = Debug|Any CPU
		{5E48916E-6BAB-4494-984E-DF36F9EC7BF0}.Release|Any CPU.ActiveCfg = Release|Any CPU
		{5E48916E-6BAB-4494-984E-DF36F9EC7BF0}.Release|Any CPU.Build.0 = Release|Any CPU
		{F47A38F1-9960-4429-9FE6-CA6A54C5B489}.Debug|Any CPU.ActiveCfg = Debug|Any CPU
		{F47A38F1-9960-4429-9FE6-CA6A54C5B489}.Debug|Any CPU.Build.0 = Debug|Any CPU
		{F47A38F1-9960-4429-9FE6-CA6A54C5B489}.Release|Any CPU.ActiveCfg = Release|Any CPU
		{F47A38F1-9960-4429-9FE6-CA6A54C5B489}.Release|Any CPU.Build.0 = Release|Any CPU
		{8AD53512-63EC-459C-AA15-15EF5DF11C55}.Debug|Any CPU.ActiveCfg = Debug|Any CPU
		{8AD53512-63EC-459C-AA15-15EF5DF11C55}.Debug|Any CPU.Build.0 = Debug|Any CPU
		{8AD53512-63EC-459C-AA15-15EF5DF11C55}.Release|Any CPU.ActiveCfg = Release|Any CPU
		{8AD53512-63EC-459C-AA15-15EF5DF11C55}.Release|Any CPU.Build.0 = Release|Any CPU
		{92A0E7F7-364D-47B1-BBDB-7EA962DDD293}.Debug|Any CPU.ActiveCfg = Debug|Any CPU
		{92A0E7F7-364D-47B1-BBDB-7EA962DDD293}.Debug|Any CPU.Build.0 = Debug|Any CPU
		{92A0E7F7-364D-47B1-BBDB-7EA962DDD293}.Release|Any CPU.ActiveCfg = Release|Any CPU
		{92A0E7F7-364D-47B1-BBDB-7EA962DDD293}.Release|Any CPU.Build.0 = Release|Any CPU
		{10E90422-7583-4DBD-887D-667FFBB881B5}.Debug|Any CPU.ActiveCfg = Debug|Any CPU
		{10E90422-7583-4DBD-887D-667FFBB881B5}.Debug|Any CPU.Build.0 = Debug|Any CPU
		{10E90422-7583-4DBD-887D-667FFBB881B5}.Release|Any CPU.ActiveCfg = Release|Any CPU
		{10E90422-7583-4DBD-887D-667FFBB881B5}.Release|Any CPU.Build.0 = Release|Any CPU
		{AF27835B-EBAC-45BE-8B04-DD0C611C9FBB}.Debug|Any CPU.ActiveCfg = Debug|Any CPU
		{AF27835B-EBAC-45BE-8B04-DD0C611C9FBB}.Debug|Any CPU.Build.0 = Debug|Any CPU
		{AF27835B-EBAC-45BE-8B04-DD0C611C9FBB}.Release|Any CPU.ActiveCfg = Release|Any CPU
		{AF27835B-EBAC-45BE-8B04-DD0C611C9FBB}.Release|Any CPU.Build.0 = Release|Any CPU
		{3D3776F9-155E-428E-906C-5858AE7ADC2C}.Debug|Any CPU.ActiveCfg = Debug|Any CPU
		{3D3776F9-155E-428E-906C-5858AE7ADC2C}.Debug|Any CPU.Build.0 = Debug|Any CPU
		{3D3776F9-155E-428E-906C-5858AE7ADC2C}.Release|Any CPU.ActiveCfg = Release|Any CPU
		{3D3776F9-155E-428E-906C-5858AE7ADC2C}.Release|Any CPU.Build.0 = Release|Any CPU
		{9FEFBEEC-C677-4FF2-AE9A-3D9CC9B3E48A}.Debug|Any CPU.ActiveCfg = Debug|Any CPU
		{9FEFBEEC-C677-4FF2-AE9A-3D9CC9B3E48A}.Debug|Any CPU.Build.0 = Debug|Any CPU
		{9FEFBEEC-C677-4FF2-AE9A-3D9CC9B3E48A}.Release|Any CPU.ActiveCfg = Release|Any CPU
		{9FEFBEEC-C677-4FF2-AE9A-3D9CC9B3E48A}.Release|Any CPU.Build.0 = Release|Any CPU
		{11442C7E-A68C-48EF-9562-8E42919AFDB9}.Debug|Any CPU.ActiveCfg = Debug|Any CPU
		{11442C7E-A68C-48EF-9562-8E42919AFDB9}.Debug|Any CPU.Build.0 = Debug|Any CPU
		{11442C7E-A68C-48EF-9562-8E42919AFDB9}.Release|Any CPU.ActiveCfg = Release|Any CPU
		{11442C7E-A68C-48EF-9562-8E42919AFDB9}.Release|Any CPU.Build.0 = Release|Any CPU
		{2C8AF0E1-BB16-46F7-AEC0-6C584893F8F4}.Debug|Any CPU.ActiveCfg = Debug|Any CPU
		{2C8AF0E1-BB16-46F7-AEC0-6C584893F8F4}.Debug|Any CPU.Build.0 = Debug|Any CPU
		{2C8AF0E1-BB16-46F7-AEC0-6C584893F8F4}.Release|Any CPU.ActiveCfg = Release|Any CPU
		{2C8AF0E1-BB16-46F7-AEC0-6C584893F8F4}.Release|Any CPU.Build.0 = Release|Any CPU
		{480F30F8-02F6-4410-BD88-5345A63BFE67}.Debug|Any CPU.ActiveCfg = Debug|Any CPU
		{480F30F8-02F6-4410-BD88-5345A63BFE67}.Debug|Any CPU.Build.0 = Debug|Any CPU
		{480F30F8-02F6-4410-BD88-5345A63BFE67}.Release|Any CPU.ActiveCfg = Release|Any CPU
		{480F30F8-02F6-4410-BD88-5345A63BFE67}.Release|Any CPU.Build.0 = Release|Any CPU
		{FB0C45BE-906A-4856-99AB-EE528D043A05}.Debug|Any CPU.ActiveCfg = Debug|Any CPU
		{FB0C45BE-906A-4856-99AB-EE528D043A05}.Debug|Any CPU.Build.0 = Debug|Any CPU
		{FB0C45BE-906A-4856-99AB-EE528D043A05}.Release|Any CPU.ActiveCfg = Release|Any CPU
		{FB0C45BE-906A-4856-99AB-EE528D043A05}.Release|Any CPU.Build.0 = Release|Any CPU
		{28F7DB10-C4BA-437C-92DD-9D0D2C34A432}.Debug|Any CPU.ActiveCfg = Debug|Any CPU
		{28F7DB10-C4BA-437C-92DD-9D0D2C34A432}.Debug|Any CPU.Build.0 = Debug|Any CPU
		{28F7DB10-C4BA-437C-92DD-9D0D2C34A432}.Release|Any CPU.ActiveCfg = Release|Any CPU
		{28F7DB10-C4BA-437C-92DD-9D0D2C34A432}.Release|Any CPU.Build.0 = Release|Any CPU
	EndGlobalSection
	GlobalSection(SolutionProperties) = preSolution
		HideSolutionNode = FALSE
	EndGlobalSection
	GlobalSection(NestedProjects) = preSolution
		{98476597-6BF5-4586-A903-78AC9FC8EF0A} = {337A75E2-BBDE-4697-8116-38552D5C23EC}
		{75D1E625-E1E9-4BB9-9529-840729F252FB} = {E2686E96-DE85-49FF-9EF2-20033FF2007C}
		{5E48916E-6BAB-4494-984E-DF36F9EC7BF0} = {E2686E96-DE85-49FF-9EF2-20033FF2007C}
		{F47A38F1-9960-4429-9FE6-CA6A54C5B489} = {E2686E96-DE85-49FF-9EF2-20033FF2007C}
		{8AD53512-63EC-459C-AA15-15EF5DF11C55} = {E2686E96-DE85-49FF-9EF2-20033FF2007C}
		{2E28F380-A7ED-4A77-AF77-6937F80672BA} = {FD5E65D7-E0F0-442E-B87B-1A3BDA54D090}
		{92A0E7F7-364D-47B1-BBDB-7EA962DDD293} = {2E28F380-A7ED-4A77-AF77-6937F80672BA}
		{10E90422-7583-4DBD-887D-667FFBB881B5} = {99342A31-D0BC-45FA-B7A1-236E62F430DE}
		{AF27835B-EBAC-45BE-8B04-DD0C611C9FBB} = {99342A31-D0BC-45FA-B7A1-236E62F430DE}
		{3D3776F9-155E-428E-906C-5858AE7ADC2C} = {8479463F-21F9-40D9-A46A-A31949B7D55D}
		{E2686E96-DE85-49FF-9EF2-20033FF2007C} = {FD5E65D7-E0F0-442E-B87B-1A3BDA54D090}
		{337A75E2-BBDE-4697-8116-38552D5C23EC} = {FD5E65D7-E0F0-442E-B87B-1A3BDA54D090}
		{9FEFBEEC-C677-4FF2-AE9A-3D9CC9B3E48A} = {337A75E2-BBDE-4697-8116-38552D5C23EC}
		{11442C7E-A68C-48EF-9562-8E42919AFDB9} = {337A75E2-BBDE-4697-8116-38552D5C23EC}
		{2C8AF0E1-BB16-46F7-AEC0-6C584893F8F4} = {337A75E2-BBDE-4697-8116-38552D5C23EC}
		{480F30F8-02F6-4410-BD88-5345A63BFE67} = {99342A31-D0BC-45FA-B7A1-236E62F430DE}
		{FB0C45BE-906A-4856-99AB-EE528D043A05} = {8479463F-21F9-40D9-A46A-A31949B7D55D}
		{28F7DB10-C4BA-437C-92DD-9D0D2C34A432} = {99342A31-D0BC-45FA-B7A1-236E62F430DE}
	EndGlobalSection
	GlobalSection(ExtensibilityGlobals) = postSolution
		SolutionGuid = {35731EB1-8C02-4584-93FB-50E25DE1748D}
	EndGlobalSection
EndGlobal
